
Microsoft Visual Studio Solution File, Format Version 12.00
# Visual Studio Version 16
VisualStudioVersion = 16.0.30225.117
MinimumVisualStudioVersion = 10.0.40219.1
Project("{FAE04EC0-301F-11D3-BF4B-00C04F79EFBC}") = "Redis.Console", "Redis.Console\Redis.Console.csproj", "{EB516ACD-483A-4771-9A35-F56D1678CED9}"
EndProject
Global
	GlobalSection(SolutionConfigurationPlatforms) = preSolution
		Debug|Any CPU = Debug|Any CPU
		Release|Any CPU = Release|Any CPU
	EndGlobalSection
	GlobalSection(ProjectConfigurationPlatforms) = postSolution
		{EB516ACD-483A-4771-9A35-F56D1678CED9}.Debug|Any CPU.ActiveCfg = Debug|Any CPU
		{EB516ACD-483A-4771-9A35-F56D1678CED9}.Debug|Any CPU.Build.0 = Debug|Any CPU
		{EB516ACD-483A-4771-9A35-F56D1678CED9}.Release|Any CPU.ActiveCfg = Release|Any CPU
		{EB516ACD-483A-4771-9A35-F56D1678CED9}.Release|Any CPU.Build.0 = Release|Any CPU
	EndGlobalSection
	GlobalSection(SolutionProperties) = preSolution
		HideSolutionNode = FALSE
	EndGlobalSection
	GlobalSection(ExtensibilityGlobals) = postSolution
		SolutionGuid = {E6C9EEDA-DE19-4455-8DE1-831780C5049B}
	EndGlobalSection
EndGlobal
